
Microsoft Visual Studio Solution File, Format Version 12.00
# Visual Studio Version 17
VisualStudioVersion = 17.2.32630.192
MinimumVisualStudioVersion = 10.0.40219.1
Project("{8BC9CEB8-8B4A-11D0-8D11-00A0C91BC942}") = "WinUISimple", "WinUISimple.vcxproj", "{1930A91C-AADB-4017-820F-ECEE2854BF1D}"
EndProject
Global
	GlobalSection(SolutionConfigurationPlatforms) = preSolution
		Debug|arm64 = Debug|arm64
		Debug|x64 = Debug|x64
		Debug|x86 = Debug|x86
		Release|arm64 = Release|arm64
		Release|x64 = Release|x64
		Release|x86 = Release|x86
	EndGlobalSection
	GlobalSection(ProjectConfigurationPlatforms) = postSolution
		{1930A91C-AADB-4017-820F-ECEE2854BF1D}.Debug|arm64.ActiveCfg = Debug|arm64
		{1930A91C-AADB-4017-820F-ECEE2854BF1D}.Debug|arm64.Build.0 = Debug|arm64
		{1930A91C-AADB-4017-820F-ECEE2854BF1D}.Debug|arm64.Deploy.0 = Debug|arm64
		{1930A91C-AADB-4017-820F-ECEE2854BF1D}.Debug|x64.ActiveCfg = Debug|x64
		{1930A91C-AADB-4017-820F-ECEE2854BF1D}.Debug|x64.Build.0 = Debug|x64
		{1930A91C-AADB-4017-820F-ECEE2854BF1D}.Debug|x64.Deploy.0 = Debug|x64
		{1930A91C-AADB-4017-820F-ECEE2854BF1D}.Debug|x86.ActiveCfg = Debug|Win32
		{1930A91C-AADB-4017-820F-ECEE2854BF1D}.Debug|x86.Build.0 = Debug|Win32
		{1930A91C-AADB-4017-820F-ECEE2854BF1D}.Debug|x86.Deploy.0 = Debug|Win32
		{1930A91C-AADB-4017-820F-ECEE2854BF1D}.Release|arm64.ActiveCfg = Release|arm64
		{1930A91C-AADB-4017-820F-ECEE2854BF1D}.Release|arm64.Build.0 = Release|arm64
		{1930A91C-AADB-4017-820F-ECEE2854BF1D}.Release|arm64.Deploy.0 = Release|arm64
		{1930A91C-AADB-4017-820F-ECEE2854BF1D}.Release|x64.ActiveCfg = Release|x64
		{1930A91C-AADB-4017-820F-ECEE2854BF1D}.Release|x64.Build.0 = Release|x64
		{1930A91C-AADB-4017-820F-ECEE2854BF1D}.Release|x64.Deploy.0 = Release|x64
		{1930A91C-AADB-4017-820F-ECEE2854BF1D}.Release|x86.ActiveCfg = Release|Win32
		{1930A91C-AADB-4017-820F-ECEE2854BF1D}.Release|x86.Build.0 = Release|Win32
		{1930A91C-AADB-4017-820F-ECEE2854BF1D}.Release|x86.Deploy.0 = Release|Win32
	EndGlobalSection
	GlobalSection(SolutionProperties) = preSolution
		HideSolutionNode = FALSE
	EndGlobalSection
	GlobalSection(ExtensibilityGlobals) = postSolution
		SolutionGuid = {CA455781-C666-422C-906F-308A728D5E20}
	EndGlobalSection
EndGlobal
