
Microsoft Visual Studio Solution File, Format Version 12.00
# Visual Studio Version 17
VisualStudioVersion = 17.3.32929.385
MinimumVisualStudioVersion = 10.0.40219.1
Project("{FAE04EC0-301F-11D3-BF4B-00C04F79EFBC}") = "HttpRequest", "HttpRequest.csproj", "{94678A68-ADAD-4F35-B869-3725D8860ECB}"
EndProject
Global
	GlobalSection(SolutionConfigurationPlatforms) = preSolution
		Debug|Any CPU = Debug|Any CPU
		Release|Any CPU = Release|Any CPU
	EndGlobalSection
	GlobalSection(ProjectConfigurationPlatforms) = postSolution
		{94678A68-ADAD-4F35-B869-3725D8860ECB}.Debug|Any CPU.ActiveCfg = Debug|Any CPU
		{94678A68-ADAD-4F35-B869-3725D8860ECB}.Debug|Any CPU.Build.0 = Debug|Any CPU
		{94678A68-ADAD-4F35-B869-3725D8860ECB}.Release|Any CPU.ActiveCfg = Release|Any CPU
		{94678A68-ADAD-4F35-B869-3725D8860ECB}.Release|Any CPU.Build.0 = Release|Any CPU
	EndGlobalSection
	GlobalSection(SolutionProperties) = preSolution
		HideSolutionNode = FALSE
	EndGlobalSection
	GlobalSection(ExtensibilityGlobals) = postSolution
		SolutionGuid = {82D86808-6448-41EE-ABA1-F8F1B63897E1}
	EndGlobalSection
EndGlobal
